
Microsoft Visual Studio Solution File, Format Version 12.00
# Visual Studio Version 17
VisualStudioVersion = 17.3.32825.248
MinimumVisualStudioVersion = 10.0.40219.1
Project("{8BC9CEB8-8B4A-11D0-8D11-00A0C91BC942}") = "Structa_and_Debug", "Structa_and_Debug\Structa_and_Debug.vcxproj", "{034874AA-F2E1-434D-BB3C-10BA9BC909FC}"
EndProject
Global
	GlobalSection(SolutionConfigurationPlatforms) = preSolution
		Debug|x64 = Debug|x64
		Debug|x86 = Debug|x86
		Release|x64 = Release|x64
		Release|x86 = Release|x86
	EndGlobalSection
	GlobalSection(ProjectConfigurationPlatforms) = postSolution
		{034874AA-F2E1-434D-BB3C-10BA9BC909FC}.Debug|x64.ActiveCfg = Debug|x64
		{034874AA-F2E1-434D-BB3C-10BA9BC909FC}.Debug|x64.Build.0 = Debug|x64
		{034874AA-F2E1-434D-BB3C-10BA9BC909FC}.Debug|x86.ActiveCfg = Debug|Win32
		{034874AA-F2E1-434D-BB3C-10BA9BC909FC}.Debug|x86.Build.0 = Debug|Win32
		{034874AA-F2E1-434D-BB3C-10BA9BC909FC}.Release|x64.ActiveCfg = Release|x64
		{034874AA-F2E1-434D-BB3C-10BA9BC909FC}.Release|x64.Build.0 = Release|x64
		{034874AA-F2E1-434D-BB3C-10BA9BC909FC}.Release|x86.ActiveCfg = Release|Win32
		{034874AA-F2E1-434D-BB3C-10BA9BC909FC}.Release|x86.Build.0 = Release|Win32
	EndGlobalSection
	GlobalSection(SolutionProperties) = preSolution
		HideSolutionNode = FALSE
	EndGlobalSection
	GlobalSection(ExtensibilityGlobals) = postSolution
		SolutionGuid = {6543B233-B9A1-4753-8F35-A87447075DB8}
	EndGlobalSection
EndGlobal
